
Microsoft Visual Studio Solution File, Format Version 12.00
# Visual Studio Version 17
VisualStudioVersion = 17.2.32516.85
MinimumVisualStudioVersion = 10.0.40219.1
Project("{FAE04EC0-301F-11D3-BF4B-00C04F79EFBC}") = "ControleDeContatos", "ControleDeContatos\ControleDeContatos.csproj", "{992DF59B-CB61-448B-98B6-C5E6F625C494}"
EndProject
Global
	GlobalSection(SolutionConfigurationPlatforms) = preSolution
		Debug|Any CPU = Debug|Any CPU
		Release|Any CPU = Release|Any CPU
	EndGlobalSection
	GlobalSection(ProjectConfigurationPlatforms) = postSolution
		{992DF59B-CB61-448B-98B6-C5E6F625C494}.Debug|Any CPU.ActiveCfg = Debug|Any CPU
		{992DF59B-CB61-448B-98B6-C5E6F625C494}.Debug|Any CPU.Build.0 = Debug|Any CPU
		{992DF59B-CB61-448B-98B6-C5E6F625C494}.Release|Any CPU.ActiveCfg = Release|Any CPU
		{992DF59B-CB61-448B-98B6-C5E6F625C494}.Release|Any CPU.Build.0 = Release|Any CPU
	EndGlobalSection
	GlobalSection(SolutionProperties) = preSolution
		HideSolutionNode = FALSE
	EndGlobalSection
	GlobalSection(ExtensibilityGlobals) = postSolution
		SolutionGuid = {146EA855-C101-421A-91C6-3395110663DA}
	EndGlobalSection
EndGlobal
